
Microsoft Visual Studio Solution File, Format Version 12.00
# Visual Studio Version 16
VisualStudioVersion = 16.0.30804.86
MinimumVisualStudioVersion = 10.0.40219.1
Project("{FAE04EC0-301F-11D3-BF4B-00C04F79EFBC}") = "WebDemo", "WebDemo\WebDemo.csproj", "{9C2EB804-709E-464F-BA3E-6D1AF8E6DAFD}"
EndProject
Global
	GlobalSection(SolutionConfigurationPlatforms) = preSolution
		Debug|Any CPU = Debug|Any CPU
		Release|Any CPU = Release|Any CPU
	EndGlobalSection
	GlobalSection(ProjectConfigurationPlatforms) = postSolution
		{9C2EB804-709E-464F-BA3E-6D1AF8E6DAFD}.Debug|Any CPU.ActiveCfg = Debug|Any CPU
		{9C2EB804-709E-464F-BA3E-6D1AF8E6DAFD}.Debug|Any CPU.Build.0 = Debug|Any CPU
		{9C2EB804-709E-464F-BA3E-6D1AF8E6DAFD}.Release|Any CPU.ActiveCfg = Release|Any CPU
		{9C2EB804-709E-464F-BA3E-6D1AF8E6DAFD}.Release|Any CPU.Build.0 = Release|Any CPU
	EndGlobalSection
	GlobalSection(SolutionProperties) = preSolution
		HideSolutionNode = FALSE
	EndGlobalSection
	GlobalSection(ExtensibilityGlobals) = postSolution
		SolutionGuid = {5333DA3D-0B5F-46C5-ACBD-F84C845EA5F8}
	EndGlobalSection
EndGlobal
